
Microsoft Visual Studio Solution File, Format Version 12.00
Project("{FAE04EC0-301F-11D3-BF4B-00C04F79EFBC}") = "TeachersPet", "TeachersPet\TeachersPet.csproj", "{695B690D-52FF-442B-9A3F-2BEF2FA24074}"
EndProject
Global
	GlobalSection(SolutionConfigurationPlatforms) = preSolution
		Debug|Any CPU = Debug|Any CPU
		Release|Any CPU = Release|Any CPU
	EndGlobalSection
	GlobalSection(ProjectConfigurationPlatforms) = postSolution
		{695B690D-52FF-442B-9A3F-2BEF2FA24074}.Debug|Any CPU.ActiveCfg = Debug|Any CPU
		{695B690D-52FF-442B-9A3F-2BEF2FA24074}.Debug|Any CPU.Build.0 = Debug|Any CPU
		{695B690D-52FF-442B-9A3F-2BEF2FA24074}.Release|Any CPU.ActiveCfg = Release|Any CPU
		{695B690D-52FF-442B-9A3F-2BEF2FA24074}.Release|Any CPU.Build.0 = Release|Any CPU
	EndGlobalSection
EndGlobal
